
Microsoft Visual Studio Solution File, Format Version 12.00
# Visual Studio Version 17
VisualStudioVersion = 17.0.31808.319
MinimumVisualStudioVersion = 10.0.40219.1
Project("{9A19103F-16F7-4668-BE54-9A1E7A4F7556}") = "API_FeirasLivresSP", "API_FeirasLivresSP\API_FeirasLivresSP.csproj", "{A96B0B0E-3FD5-4AB7-BE75-0C38791AF22B}"
EndProject
Project("{9A19103F-16F7-4668-BE54-9A1E7A4F7556}") = "Teste_FeiraLivre", "Teste_FeiraLivre\Teste_FeiraLivre.csproj", "{A19EAE69-60E6-4899-A864-8EAD62F22CF6}"
EndProject
Project("{2150E333-8FDC-42A3-9474-1A3956D46DE8}") = "1.0 - Presentation", "1.0 - Presentation", "{22F8BCAB-2A18-48E3-91A0-61875986DCC1}"
EndProject
Project("{2150E333-8FDC-42A3-9474-1A3956D46DE8}") = "2.0 - Application", "2.0 - Application", "{D59535E7-729C-4FB1-9D16-567D0E987853}"
EndProject
Project("{2150E333-8FDC-42A3-9474-1A3956D46DE8}") = "3.0 - Domain", "3.0 - Domain", "{B11DC2F4-A5F1-4572-BE3D-985D443BD9A7}"
EndProject
Project("{2150E333-8FDC-42A3-9474-1A3956D46DE8}") = "4.0 - Infrastructure", "4.0 - Infrastructure", "{4B1A0470-AE24-4340-A9E8-E85CBF46AAD9}"
EndProject
Project("{FAE04EC0-301F-11D3-BF4B-00C04F79EFBC}") = "DDDWebAPI.Domain", "DDDWebAPI.Domain\DDDWebAPI.Domain.csproj", "{072D0A4A-D9FC-4752-8098-777233335801}"
EndProject
Project("{FAE04EC0-301F-11D3-BF4B-00C04F79EFBC}") = "DDDWebAPI.Domain.Core", "DDDWebAPI.Domain.Core\DDDWebAPI.Domain.Core.csproj", "{7AFD91A4-3A0C-44B2-8AFD-4C83FDF8F46F}"
EndProject
Project("{FAE04EC0-301F-11D3-BF4B-00C04F79EFBC}") = "DDDWebAPI.Domain.Services", "DDDWebAPI.Domain.Services\DDDWebAPI.Domain.Services.csproj", "{9BAFC0D8-EDCF-466F-B15E-DC117DAC88BB}"
EndProject
Project("{FAE04EC0-301F-11D3-BF4B-00C04F79EFBC}") = "DDDWebAPI.Application", "DDDWebAPI.Application\DDDWebAPI.Application.csproj", "{676D153E-DA3A-4C4A-89BE-8F8FE85EDF57}"
EndProject
Project("{FAE04EC0-301F-11D3-BF4B-00C04F79EFBC}") = "DDDWebAPI.Application.DTO", "DDDWebAPI.Application.DTO\DDDWebAPI.Application.DTO.csproj", "{AF73DD47-CC1F-4CD5-BD73-C37202AA33C3}"
EndProject
Project("{2150E333-8FDC-42A3-9474-1A3956D46DE8}") = "4.1 - Data", "4.1 - Data", "{C64BBF14-9527-4178-93E5-3C8DC518DD92}"
EndProject
Project("{FAE04EC0-301F-11D3-BF4B-00C04F79EFBC}") = "DDDWebAPI.Infrastructure.Data", "DDDWebAPI.Infrastructure.Data\DDDWebAPI.Infrastructure.Data.csproj", "{DAA10F1C-C215-46CD-89F7-A396ADB1C4BE}"
EndProject
Project("{FAE04EC0-301F-11D3-BF4B-00C04F79EFBC}") = "DDDWebAPI.Infrastruture.Repository", "DDDWebAPI.Infrastruture.Repository\DDDWebAPI.Infrastruture.Repository.csproj", "{FA7FDC9A-55D6-4993-976A-7583C2189F50}"
EndProject
Project("{2150E333-8FDC-42A3-9474-1A3956D46DE8}") = "4.2 - CrossCutting", "4.2 - CrossCutting", "{6A48CB34-3D4D-4B0D-BBB0-1F927307D1E3}"
EndProject
Project("{FAE04EC0-301F-11D3-BF4B-00C04F79EFBC}") = "DDDWebAPI.Infrastruture.CrossCutting.Adapter", "DDDWebAPI.Infrastruture.CrossCutting.Adapter\DDDWebAPI.Infrastruture.CrossCutting.Adapter.csproj", "{62B76EAA-FE69-4CE7-AF96-E67E37C2031E}"
EndProject
Project("{FAE04EC0-301F-11D3-BF4B-00C04F79EFBC}") = "DDDWebAPI.Infrastruture.CrossCutting.IOC", "DDDWebAPI.Infrastruture.CrossCutting.IOC\DDDWebAPI.Infrastruture.CrossCutting.IOC.csproj", "{1CC58447-C788-4438-90E2-60FFADE64C51}"
EndProject
Project("{FAE04EC0-301F-11D3-BF4B-00C04F79EFBC}") = "WebAPIDDD.Presentation", "WebAPIDDD.Presentation\WebAPIDDD.Presentation.csproj", "{7EF5F2C6-833F-496D-BFFA-832788111BDC}"
EndProject
Global
	GlobalSection(SolutionConfigurationPlatforms) = preSolution
		Debug|Any CPU = Debug|Any CPU
		Release|Any CPU = Release|Any CPU
	EndGlobalSection
	GlobalSection(ProjectConfigurationPlatforms) = postSolution
		{A96B0B0E-3FD5-4AB7-BE75-0C38791AF22B}.Debug|Any CPU.ActiveCfg = Debug|Any CPU
		{A96B0B0E-3FD5-4AB7-BE75-0C38791AF22B}.Debug|Any CPU.Build.0 = Debug|Any CPU
		{A96B0B0E-3FD5-4AB7-BE75-0C38791AF22B}.Release|Any CPU.ActiveCfg = Release|Any CPU
		{A96B0B0E-3FD5-4AB7-BE75-0C38791AF22B}.Release|Any CPU.Build.0 = Release|Any CPU
		{A19EAE69-60E6-4899-A864-8EAD62F22CF6}.Debug|Any CPU.ActiveCfg = Debug|Any CPU
		{A19EAE69-60E6-4899-A864-8EAD62F22CF6}.Debug|Any CPU.Build.0 = Debug|Any CPU
		{A19EAE69-60E6-4899-A864-8EAD62F22CF6}.Release|Any CPU.ActiveCfg = Release|Any CPU
		{A19EAE69-60E6-4899-A864-8EAD62F22CF6}.Release|Any CPU.Build.0 = Release|Any CPU
		{072D0A4A-D9FC-4752-8098-777233335801}.Debug|Any CPU.ActiveCfg = Debug|Any CPU
		{072D0A4A-D9FC-4752-8098-777233335801}.Debug|Any CPU.Build.0 = Debug|Any CPU
		{072D0A4A-D9FC-4752-8098-777233335801}.Release|Any CPU.ActiveCfg = Release|Any CPU
		{072D0A4A-D9FC-4752-8098-777233335801}.Release|Any CPU.Build.0 = Release|Any CPU
		{7AFD91A4-3A0C-44B2-8AFD-4C83FDF8F46F}.Debug|Any CPU.ActiveCfg = Debug|Any CPU
		{7AFD91A4-3A0C-44B2-8AFD-4C83FDF8F46F}.Debug|Any CPU.Build.0 = Debug|Any CPU
		{7AFD91A4-3A0C-44B2-8AFD-4C83FDF8F46F}.Release|Any CPU.ActiveCfg = Release|Any CPU
		{7AFD91A4-3A0C-44B2-8AFD-4C83FDF8F46F}.Release|Any CPU.Build.0 = Release|Any CPU
		{9BAFC0D8-EDCF-466F-B15E-DC117DAC88BB}.Debug|Any CPU.ActiveCfg = Debug|Any CPU
		{9BAFC0D8-EDCF-466F-B15E-DC117DAC88BB}.Debug|Any CPU.Build.0 = Debug|Any CPU
		{9BAFC0D8-EDCF-466F-B15E-DC117DAC88BB}.Release|Any CPU.ActiveCfg = Release|Any CPU
		{9BAFC0D8-EDCF-466F-B15E-DC117DAC88BB}.Release|Any CPU.Build.0 = Release|Any CPU
		{676D153E-DA3A-4C4A-89BE-8F8FE85EDF57}.Debug|Any CPU.ActiveCfg = Debug|Any CPU
		{676D153E-DA3A-4C4A-89BE-8F8FE85EDF57}.Debug|Any CPU.Build.0 = Debug|Any CPU
		{676D153E-DA3A-4C4A-89BE-8F8FE85EDF57}.Release|Any CPU.ActiveCfg = Release|Any CPU
		{676D153E-DA3A-4C4A-89BE-8F8FE85EDF57}.Release|Any CPU.Build.0 = Release|Any CPU
		{AF73DD47-CC1F-4CD5-BD73-C37202AA33C3}.Debug|Any CPU.ActiveCfg = Debug|Any CPU
		{AF73DD47-CC1F-4CD5-BD73-C37202AA33C3}.Debug|Any CPU.Build.0 = Debug|Any CPU
		{AF73DD47-CC1F-4CD5-BD73-C37202AA33C3}.Release|Any CPU.ActiveCfg = Release|Any CPU
		{AF73DD47-CC1F-4CD5-BD73-C37202AA33C3}.Release|Any CPU.Build.0 = Release|Any CPU
		{DAA10F1C-C215-46CD-89F7-A396ADB1C4BE}.Debug|Any CPU.ActiveCfg = Debug|Any CPU
		{DAA10F1C-C215-46CD-89F7-A396ADB1C4BE}.Debug|Any CPU.Build.0 = Debug|Any CPU
		{DAA10F1C-C215-46CD-89F7-A396ADB1C4BE}.Release|Any CPU.ActiveCfg = Release|Any CPU
		{DAA10F1C-C215-46CD-89F7-A396ADB1C4BE}.Release|Any CPU.Build.0 = Release|Any CPU
		{FA7FDC9A-55D6-4993-976A-7583C2189F50}.Debug|Any CPU.ActiveCfg = Debug|Any CPU
		{FA7FDC9A-55D6-4993-976A-7583C2189F50}.Debug|Any CPU.Build.0 = Debug|Any CPU
		{FA7FDC9A-55D6-4993-976A-7583C2189F50}.Release|Any CPU.ActiveCfg = Release|Any CPU
		{FA7FDC9A-55D6-4993-976A-7583C2189F50}.Release|Any CPU.Build.0 = Release|Any CPU
		{62B76EAA-FE69-4CE7-AF96-E67E37C2031E}.Debug|Any CPU.ActiveCfg = Debug|Any CPU
		{62B76EAA-FE69-4CE7-AF96-E67E37C2031E}.Debug|Any CPU.Build.0 = Debug|Any CPU
		{62B76EAA-FE69-4CE7-AF96-E67E37C2031E}.Release|Any CPU.ActiveCfg = Release|Any CPU
		{62B76EAA-FE69-4CE7-AF96-E67E37C2031E}.Release|Any CPU.Build.0 = Release|Any CPU
		{1CC58447-C788-4438-90E2-60FFADE64C51}.Debug|Any CPU.ActiveCfg = Debug|Any CPU
		{1CC58447-C788-4438-90E2-60FFADE64C51}.Debug|Any CPU.Build.0 = Debug|Any CPU
		{1CC58447-C788-4438-90E2-60FFADE64C51}.Release|Any CPU.ActiveCfg = Release|Any CPU
		{1CC58447-C788-4438-90E2-60FFADE64C51}.Release|Any CPU.Build.0 = Release|Any CPU
		{7EF5F2C6-833F-496D-BFFA-832788111BDC}.Debug|Any CPU.ActiveCfg = Debug|Any CPU
		{7EF5F2C6-833F-496D-BFFA-832788111BDC}.Debug|Any CPU.Build.0 = Debug|Any CPU
		{7EF5F2C6-833F-496D-BFFA-832788111BDC}.Release|Any CPU.ActiveCfg = Release|Any CPU
		{7EF5F2C6-833F-496D-BFFA-832788111BDC}.Release|Any CPU.Build.0 = Release|Any CPU
	EndGlobalSection
	GlobalSection(SolutionProperties) = preSolution
		HideSolutionNode = FALSE
	EndGlobalSection
	GlobalSection(NestedProjects) = preSolution
		{072D0A4A-D9FC-4752-8098-777233335801} = {B11DC2F4-A5F1-4572-BE3D-985D443BD9A7}
		{7AFD91A4-3A0C-44B2-8AFD-4C83FDF8F46F} = {B11DC2F4-A5F1-4572-BE3D-985D443BD9A7}
		{9BAFC0D8-EDCF-466F-B15E-DC117DAC88BB} = {B11DC2F4-A5F1-4572-BE3D-985D443BD9A7}
		{676D153E-DA3A-4C4A-89BE-8F8FE85EDF57} = {D59535E7-729C-4FB1-9D16-567D0E987853}
		{AF73DD47-CC1F-4CD5-BD73-C37202AA33C3} = {D59535E7-729C-4FB1-9D16-567D0E987853}
		{C64BBF14-9527-4178-93E5-3C8DC518DD92} = {4B1A0470-AE24-4340-A9E8-E85CBF46AAD9}
		{DAA10F1C-C215-46CD-89F7-A396ADB1C4BE} = {C64BBF14-9527-4178-93E5-3C8DC518DD92}
		{FA7FDC9A-55D6-4993-976A-7583C2189F50} = {C64BBF14-9527-4178-93E5-3C8DC518DD92}
		{6A48CB34-3D4D-4B0D-BBB0-1F927307D1E3} = {4B1A0470-AE24-4340-A9E8-E85CBF46AAD9}
		{62B76EAA-FE69-4CE7-AF96-E67E37C2031E} = {6A48CB34-3D4D-4B0D-BBB0-1F927307D1E3}
		{1CC58447-C788-4438-90E2-60FFADE64C51} = {6A48CB34-3D4D-4B0D-BBB0-1F927307D1E3}
		{7EF5F2C6-833F-496D-BFFA-832788111BDC} = {22F8BCAB-2A18-48E3-91A0-61875986DCC1}
	EndGlobalSection
	GlobalSection(ExtensibilityGlobals) = postSolution
		SolutionGuid = {798FAD56-2C09-49D1-9A91-346529F5035D}
	EndGlobalSection
EndGlobal
